
Microsoft Visual Studio Solution File, Format Version 12.00
# Visual Studio Version 17
VisualStudioVersion = 17.14.36429.23 d17.14
MinimumVisualStudioVersion = 10.0.40219.1
Project("{FAE04EC0-301F-11D3-BF4B-00C04F79EFBC}") = "ChargerAstronomyEngine", "ChargerAstronomyEngine\ChargerAstronomyEngine.csproj", "{175A9C13-252E-41D0-ADC0-EA19CB11F0F5}"
EndProject
Global
	GlobalSection(SolutionConfigurationPlatforms) = preSolution
		Debug|Any CPU = Debug|Any CPU
		Release|Any CPU = Release|Any CPU
	EndGlobalSection
	GlobalSection(ProjectConfigurationPlatforms) = postSolution
		{175A9C13-252E-41D0-ADC0-EA19CB11F0F5}.Debug|Any CPU.ActiveCfg = Debug|Any CPU
		{175A9C13-252E-41D0-ADC0-EA19CB11F0F5}.Debug|Any CPU.Build.0 = Debug|Any CPU
		{175A9C13-252E-41D0-ADC0-EA19CB11F0F5}.Release|Any CPU.ActiveCfg = Release|Any CPU
		{175A9C13-252E-41D0-ADC0-EA19CB11F0F5}.Release|Any CPU.Build.0 = Release|Any CPU
	EndGlobalSection
	GlobalSection(SolutionProperties) = preSolution
		HideSolutionNode = FALSE
	EndGlobalSection
	GlobalSection(ExtensibilityGlobals) = postSolution
		SolutionGuid = {2A001574-93D2-4C63-BD22-504D680D573E}
	EndGlobalSection
EndGlobal
